github.com/davecgh/go-spew v1.1.1 h1:vj9j/u1bqnvCEfJOwUhtlOARqs3+rkHYY13jYWTU97c=
github.com/davecgh/go-spew v1.1.1/go.mod h1:J7Y8YcW2NihsgmVo/mv3lAwl/skON4iLHjSsI+c5H38=
github.com/fatih/structs v1.1.0 h1:Q7juDM0QtcnhCpeyLGQKyg4TOIghuNXrkL32pHAUMxo=
github.com/fatih/structs v1.1.0/go.mod h1:9NiDSp5zOcgEDl+j00MP/WkGVPOlPRLejGD8Ga6PJ7M=
github.com/go-playground/locales v0.14.1 h1:EWaQ/wswjilfKLTECiXz7Rh+3BjFhfDFKv/oXslEjJA=
github.com/go-playground/locales v0.14.1/go.mod h1:hxrqLVvrK65+Rwrd5Fc6F2O76J/NuW9t0sjnWqG1slY=
github.com/go-playground/universal-translator v0.18.1 h1:Bcnm0ZwsGyWbCzImXv+pAJnYK9S473LQFuzCbDbfSFY=
github.com/go-playground/universal-translator v0.18.1/go.mod h1:xekY+UJKNuX9WP91TpwSH2VMlDf28Uj24BCp08ZFTUY=
github.com/go-playground/validator v9.31.0+incompatible h1:UA72EPEogEnq76ehGdEDp4Mit+3FDh548oRqwVgNsHA=
github.com/go-playground/validator v9.31.0+incompatible/go.mod h1:yrEkQXlcI+PugkyDjY2bRrL/UBU4f3rvrgkN3V8JEig=
github.com/golang/mock v1.6.0 h1:ErTB+efbowRARo13NNdxyJji2egdxLGQhRaY+DUumQc=
github.com/golang/mock v1.6.0/go.mod h1:p6yTPP+5HYm5mzsMV8JkE6ZKdX+/wYM6Hr+LicevLPs=
github.com/google/uuid v1.6.0 h1:NIvaJDMOsjHA8n1jAhLSgzrAzy1Hgr+hNrb57e+94F0=
github.com/google/uuid v1.6.0/go.mod h1:TIyPZe4MgqvfeYDBFedMoGGpEw/LqOeaOT+nhxU+yHo=
github.com/gopherjs/gopherjs v1.17.2 h1:fQnZVsXk8uxXIStYb0N4bGk7jeyTalG/wsZjQ25dO0g=
github.com/gopherjs/gopherjs v1.17.2/go.mod h1:pRRIvn/QzFLrKfvEz3qUuEhtE/zLCWfreZ6J5gM2i+k=
github.com/gorilla/mux v1.8.1 h1:TuBL49tXwgrFYWhqrNgrUNEY92u81SPhu7sTdzQEiWY=
github.com/gorilla/mux v1.8.1/go.mod h1:AKf9I4AEqPTmMytcMc0KkNouC66V3BtZ4qD5fmWSiMQ=
github.com/joho/godotenv v1.5.1 h1:7eLL/+HRGLY0ldzfGMeQkb7vMd0as4CfYvUVzLqw0N0=
github.com/joho/godotenv v1.5.1/go.mod h1:f4LDr5Voq0i2e/R5DDNOoa2zzDfwtkZa6DnEwAbqwq4=
github.com/jtolds/gls v4.20.0+incompatible h1:xdiiI2gbIgH/gLH7ADydsJ1uDOEzR8yvV7C0MuV77Wo=
github.com/jtolds/gls v4.20.0+incompatible/go.mod h1:QJZ7F/aHp+rZTRtaJ1ow/lLfFfVYBRgL+9YlvaHOwJU=
github.com/kr/pretty v0.3.1 h1:flRD4NNwYAUpkphVc1HcthR4KEIFJ65n8Mw5qdRn3LE=
github.com/kr/pretty v0.3.1/go.mod h1:hoEshYVHaxMs3cyo3Yncou5ZscifuDolrwPKZanG3xk=
github.com/kr/text v0.2.0 h1:5Nx0Ya0ZqY2ygV366QzturHI13Jq95ApcVaJBhpS+AY=
github.com/kr/text v0.2.0/go.mod h1:eLer722TekiGuMkidMxC/pM04lWEeraHUUmBw8l2grE=
github.com/leodido/go-urn v1.4.0 h1:WT9HwE9SGECu3lg4d/dIA+jxlljEa1/ffXKmRjqdmIQ=
github.com/leodido/go-urn v1.4.0/go.mod h1:bvxc+MVxLKB4z00jd1z+Dvzr47oO32F/QSNjSBOlFxI=
github.com/mitchellh/mapstructure v1.1.2/go.mod h1:FVVH3fgwuzCH5S8UJGiWEs2h04kUh9fWfEaFds41c1Y=
github.com/mitchellh/mapstructure v1.5.0 h1:jeMsZIYE/09sWLaz43PL7Gy6RuMjD2eJVyuac5Z2hdY=
github.com/mitchellh/mapstructure v1.5.0/go.mod h1:bFUtVrKA4DC2yAKiSyO/QUcy7e+RRV2QTWOzhPopBRo=
github.com/pefish/go-commander v0.8.1 h1:rxBS5AkTV9DvUGO1AoHo28SKtnZyWZ9hoYjuwrmJFGg=
github.com/pefish/go-commander v0.8.1/go.mod h1:gLBHeE6C5PXXmt/YMBQzNdd3FenMAJRJTlKjAvxA50g=
github.com/pefish/go-commander v1.1.2 h1:eU2q7hlHF0u0b0ifAwo2w6hWB2DRwzvWHomqZYsNXEc=
github.com/pefish/go-commander v1.1.2/go.mod h1:VieyIFD/jcWBRNkjpWj1Ub9le08/Dq6L9aig2faRFRU=
github.com/pefish/go-config v0.4.8 h1:CAMIGhlZnkUdoJ5KYjmzi8qrkzPQw3le93CSaL9BvP8=
github.com/pefish/go-config v0.4.8/go.mod h1:QqYZ+0UlRixMNClvEGyQIc5ft63ava33LEsT8Jyg+Sg=
github.com/pefish/go-config v0.5.7 h1:8IZ0EVVzLP3t/OOqNWHbtqRsHQZIkI5bnIpMONTCTMI=
github.com/pefish/go-config v0.5.7/go.mod h1:+AlCzju7xaxf6Ebc0EsLL0u7fQ4lrhtUJkHTn5zXwaQ=
github.com/pefish/go-core v1.4.8 h1:tv/gtsLt+CipB0Sr5wG+cUXR/6uuNcmUsuPlxWb1sN8=
github.com/pefish/go-core v1.4.8/go.mod h1:yELEVZx/0brgsG47qDFjhPWvP5Pjqmsy8uB9m99M3WU=
github.com/pefish/go-core v1.5.2 h1:v0WXavo5Ov8h6QUO//j1vn12t9iYJRWp3XKcGnhN+Pw=
github.com/pefish/go-core v1.5.2/go.mod h1:CK9rpvPVrby02KZ0aKvDXN0gvL6PxYqMeNeerJNnuhs=
github.com/pefish/go-core-type v0.1.5 h1:y3PILFyS8MSmXG8srgrAAkPkNrCa2W60RuAuyvB1R8k=
github.com/pefish/go-core-type v0.1.5/go.mod h1:i0JVI3T3BSWXLLCR4JA06YgBbQ35TO5UrMV9hdFiavc=
github.com/pefish/go-decimal v0.4.0 h1:RAPcIgoJmP1L4n2XnLMuWdOFv3TzP2Rn1UfbbLOk7Dk=
github.com/pefish/go-decimal v0.4.0/go.mod h1:p9D+rI1i86a7/NP87r3ryqk9Bj30ZWkj9tFXXQx6Kbk=
github.com/pefish/go-decimal v0.4.5 h1:WM6cQ0KtkwKYh5lCfwkyHIaaogSkyYSNCii+ytG5y6c=
github.com/pefish/go-decimal v0.4.5/go.mod h1:MQXDotRP2QoM8E8baM53Q15rGZ0opkRXu17pvOPe4TU=
github.com/pefish/go-desensitize v0.0.7 h1:7YZMo6nWvb8soIB0HIG5qc0Zy1t9RBjZ6E7XcbzosBE=
github.com/pefish/go-desensitize v0.0.7/go.mod h1:uXY6qOL5bhJVNZALEUaWiIZ1uGe6d7u0pKsKBdBHHEg=
github.com/pefish/go-error v1.0.8 h1:IC1UCHkeFvtTpvDfVxBNEoA4yQNk4VKV+mhO3JW5Nxk=
github.com/pefish/go-error v1.0.8/go.mod h1:CGliu23YIh+xakY+vs6xWLoaXOMAq+2qT87dVN3ZlzM=
github.com/pefish/go-file v0.2.3 h1:glBhRD2Gn2YZB6Krw3I8rlkcDhf/BlSDA6PN8FIU0sc=
github.com/pefish/go-file v0.2.3/go.mod h1:SsTQNSzKWUrpHJVZD1wyOjRAiXx4cIUgjSYMTHD1zxI=
github.com/pefish/go-file v0.2.9 h1:lqUmmaxEf6kpYemVvuB3cpngkDv0sX/bFzOohJtxEPg=
github.com/pefish/go-file v0.2.9/go.mod h1:sT3fZdxwnAqZiwvoTO5BqGWoGcRjI1Vss401/vOWR30=
github.com/pefish/go-format v0.3.2 h1:0MihBkCV8WdY5GmHiaCAJnzbgv25mFmUcfnmumdSKrA=
github.com/pefish/go-format v0.3.2/go.mod h1:rI2ykz+2t8VattiNtK1yxm0KwsBOJTyPOMwSFblW62A=
github.com/pefish/go-format v0.5.1 h1:KL2Wy4A0av4YwBC/pMNuRE+1k2Gu5ILLeX5tt2p9PGU=
github.com/pefish/go-format v0.5.1/go.mod h1:0xlhm0yXcX0Md1t4ztEN4aDYVE8rqbXXxBuoAHYX1Kc=
github.com/pefish/go-http v0.7.0 h1:FwuzHPCFvx6RSHl1ByQCA1D5c9EIz4gPR+fHPhJ5V6o=
github.com/pefish/go-http v0.7.0/go.mod h1:bEwCWo9Rfa6TwIr30UlgTj1zhI2c1dULAZQ/yGc4gSU=
github.com/pefish/go-http v0.8.7 h1:Vsqtw1aaifSXD6ldD4nc2QQ6isNXKMt00dqlWIYrubw=
github.com/pefish/go-http v0.8.7/go.mod h1:dEm7IRr1vvVYsS3fL8T8xzEA0CU+csiujuzYe++pFCk=
github.com/pefish/go-interface v0.1.2 h1:CmBUP7e/mwFrqy2UiTb2637HzP4T1QlZPimgOOsWCQw=
github.com/pefish/go-interface v0.1.2/go.mod h1:usSGQkQvVOKPGeDEEYpA7EnqCT/kADcLQxmfdRfMQXE=
github.com/pefish/go-interface v0.1.3 h1:aQoHzXHtgA6SrmjFUQe84enjONE/RWxC+mHw4+9OQYU=
github.com/pefish/go-interface v0.1.3/go.mod h1:usSGQkQvVOKPGeDEEYpA7EnqCT/kADcLQxmfdRfMQXE=
github.com/pefish/go-json v0.1.7 h1:2zg5e7CqjdLFFhbSAYrpPvVVzJ85k6nbI6Z8fwqgwNs=
github.com/pefish/go-json v0.1.7/go.mod h1:z478hbwAD/l3Gxs8IGByt2HU6K8A+jRy8IJ5h2weOYc=
github.com/pefish/go-logger v0.5.6 h1:eAsk4iOZp/9fh5Rz/uRjtidNXBh4ovrgIHEkb/K297c=
github.com/pefish/go-logger v0.5.6/go.mod h1:Bj/z0Fz57Yvj+06UNKyqO461MFbj1Oxvtbo0bfVL79s=
github.com/pefish/go-logger v0.6.2 h1:MQpc/clYmVUOIzRewWhLhxqfXdVbdrTnfUZlPxKw7xA=
github.com/pefish/go-logger v0.6.2/go.mod h1:9blemt9hVdpobZid5zC9eQkE1ncLCWtR+5+6WmyuMk0=
github.com/pefish/go-string v0.1.2 h1:l4c8082Fp+Niy+/yapax2p2Tnck9Y5D1Z9iBhUDoP4I=
github.com/pefish/go-string v0.1.2/go.mod h1:ZMKPtawOqjSiE40Rm2zg1mAMwFqSh0ENORRDJLKa2Nk=
github.com/pefish/go-task-driver v0.2.3 h1:h88ZO4v5cBndZdaxDucB9yJJM0vdDf9vAQ6lA/6ciU8=
github.com/pefish/go-task-driver v0.2.3/go.mod h1:wT3yVq14BccR+tg1W95qUbgDtmwykjFM2BmjWyCv8fM=
github.com/pefish/go-task-driver v0.2.4 h1:ac4KPKUuJWzq5mxHowhEHwOnvbpYMJH1lu3mWr4Oles=
github.com/pefish/go-task-driver v0.2.4/go.mod h1:Kup9ATgjFNDi7fDkTZi+bZ7Gmz0bE0U6KB+3YcD28FA=
github.com/pefish/go-test v0.0.4 h1:s1RmZWe91K1MtENJUcl7CjGUFK/TmleZ5h3OkHq/BTI=
github.com/pefish/go-test v0.0.4/go.mod h1:z9DAQQyjfKx0dRTBSaJCOSMwyMjwNEHI+/CBwNaCwk0=
github.com/pefish/go-test-assert v0.0.2 h1:AuEJxG99DsFb9+qSUnSEWJDlTn0gf1PmGkKcOUAFAjw=
github.com/pefish/go-test-assert v0.0.2/go.mod h1:J97UDNwnZPqlbfPegtOc/IjeqFjD+c6LXWRxKl4ToEo=
github.com/pkg/errors v0.9.1 h1:FEBLx1zS214owpjy7qsBeixbURkuhQAwrK5UwLGTwt4=
github.com/pkg/errors v0.9.1/go.mod h1:bwawxfHBFNV+L2hUp1rHADufV3IMtnDRdf1r5NINEl0=
github.com/pmezard/go-difflib v1.0.0 h1:4DBwDE0NGyQoBHbLQYPwSUPoCMWR5BEzIk/f1lZbAQM=
github.com/pmezard/go-difflib v1.0.0/go.mod h1:iKH77koFhYxTK1pcRnkKkqfTogsbg7gZNVY4sRDYZ/4=
github.com/rogpeppe/go-internal v1.12.0 h1:exVL4IDcn6na9z1rAb56Vxr+CgyK3nn3O+epU5NdKM8=
github.com/rogpeppe/go-internal v1.12.0/go.mod h1:E+RYuTGaKKdloAfM02xzb0FW3Paa99yedzYV+kq4uf4=
github.com/smarty/assertions v1.15.1 h1:812oFiXI+G55vxsFf+8bIZ1ux30qtkdqzKbEFwyX3Tk=
github.com/smarty/assertions v1.15.1/go.mod h1:yABtdzeQs6l1brC900WlRNwj6ZR55d7B+E8C6HtKdec=
github.com/smartystreets/goconvey v1.8.1 h1:qGjIddxOk4grTu9JPOU31tVfq3cNdBlNa5sSznIX1xY=
github.com/smartystreets/goconvey v1.8.1/go.mod h1:+/u4qLyY6x1jReYOp7GOM2FSt8aP9CzCZL03bI28W60=
github.com/stretchr/testify v1.9.0 h1:HtqpIVDClZ4nwg75+f6Lvsy/wHu+3BoSGCbBAcpTsTg=
github.com/stretchr/testify v1.9.0/go.mod h1:r2ic/lqez/lEtzL7wO/rwa5dbSLXVDPFyf8C91i36aY=
go.uber.org/goleak v1.3.0 h1:2K3zAYmnTNqV73imy9J1T3WC+gmCePx2hEGkimedGto=
go.uber.org/goleak v1.3.0/go.mod h1:CoHD4mav9JJNrW/WLlf7HGZPjdw8EucARQHekz1X6bE=
go.uber.org/multierr v1.11.0 h1:blXXJkSxSSfBVBlC76pxqeO+LN3aDfLQo+309xJstO0=
go.uber.org/multierr v1.11.0/go.mod h1:20+QtiLqy0Nd6FdQB9TLXag12DsQkrbs3htMFfDN80Y=
go.uber.org/zap v1.27.0 h1:aJMhYGrd5QSmlpLMr2MftRKl7t8J8PTZPA732ud/XR8=
go.uber.org/zap v1.27.0/go.mod h1:GB2qFLM7cTU87MWRP2mPIjqfIDnGu+VIO4V/SdhGo2E=
golang.org/x/net v0.27.0 h1:5K3Njcw06/l2y9vpGCSdcxWOYHOUk3dVNGDXN+FvAys=
golang.org/x/net v0.27.0/go.mod h1:dDi0PyhWNoiUOrAS8uXv/vnScO4wnHQO4mj9fn/RytE=
golang.org/x/net v0.32.0 h1:ZqPmj8Kzc+Y6e0+skZsuACbx+wzMgo5MQsJh9Qd6aYI=
golang.org/x/net v0.32.0/go.mod h1:CwU0IoeOlnQQWJ6ioyFrfRuomB8GKF6KbYXZVyeXNfs=
golang.org/x/text v0.16.0 h1:a94ExnEXNtEwYLGJSIUxnWoxoRz/ZcCsV63ROupILh4=
golang.org/x/text v0.16.0/go.mod h1:GhwF1Be+LQoKShO3cGOHzqOgRrGaYc9AvblQOmPVHnI=
golang.org/x/text v0.21.0 h1:zyQAAkrwaneQ066sspRyJaG9VNi/YJ1NfzcGB3hZ/qo=
golang.org/x/text v0.21.0/go.mod h1:4IBbMaMmOPCJ8SecivzSH54+73PCFmPWxNTLm+vZkEQ=
gopkg.in/check.v1 v0.0.0-20161208181325-20d25e280405/go.mod h1:Co6ibVJAznAaIkqp8huTwlJQCZ016jof/cbN4VW5Yz0=
gopkg.in/check.v1 v1.0.0-20201130134442-10cb98267c6c h1:Hei/4ADfdWqJk1ZMxUNpqntNwaWcugrBjAiHlqqRiVk=
gopkg.in/check.v1 v1.0.0-20201130134442-10cb98267c6c/go.mod h1:JHkPIbrfpd72SG/EVd6muEfDQjcINNoR0C8j2r3qZ4Q=
gopkg.in/go-playground/assert.v1 v1.2.1 h1:xoYuJVE7KT85PYWrN730RguIQO0ePzVRfFMXadIrXTM=
gopkg.in/go-playground/assert.v1 v1.2.1/go.mod h1:9RXL0bg/zibRAgZUYszZSwO/z8Y/a8bDuhia5mkpMnE=
gopkg.in/yaml.v2 v2.4.0 h1:D8xgwECY7CYvx+Y2n4sBz93Jn9JRvxdiyyo8CTfuKaY=
gopkg.in/yaml.v2 v2.4.0/go.mod h1:RDklbk79AGWmwhnvt/jBztapEOGDOx6ZbXqjP6csGnQ=
gopkg.in/yaml.v3 v3.0.1 h1:fxVm/GzAzEWqLHuvctI91KS9hhNmmWOoWu0XTYJS7CA=
gopkg.in/yaml.v3 v3.0.1/go.mod h1:K4uyk7z7BCEPqu6E+C64Yfv1cQ7kz7rIZviUmN+EgEM=
moul.io/http2curl v1.0.0 h1:6XwpyZOYsgZJrU8exnG87ncVkU1FVCcTRpwzOkTDUi8=
moul.io/http2curl v1.0.0/go.mod h1:f6cULg+e4Md/oW1cYmwW4IWQOVl2lGbmCNGOHvzX2kE=
